
Microsoft Visual Studio Solution File, Format Version 12.00
# Visual Studio Version 17
VisualStudioVersion = 17.4.33205.214
MinimumVisualStudioVersion = 10.0.40219.1
Project("{FAE04EC0-301F-11D3-BF4B-00C04F79EFBC}") = "file-distributor", "file-distributor.csproj", "{6D0CF8A3-3EFC-4E0E-BF00-1EC2A00A7C53}"
EndProject
Global
	GlobalSection(SolutionConfigurationPlatforms) = preSolution
		Debug|Any CPU = Debug|Any CPU
		Release|Any CPU = Release|Any CPU
	EndGlobalSection
	GlobalSection(ProjectConfigurationPlatforms) = postSolution
		{6D0CF8A3-3EFC-4E0E-BF00-1EC2A00A7C53}.Debug|Any CPU.ActiveCfg = Debug|Any CPU
		{6D0CF8A3-3EFC-4E0E-BF00-1EC2A00A7C53}.Debug|Any CPU.Build.0 = Debug|Any CPU
		{6D0CF8A3-3EFC-4E0E-BF00-1EC2A00A7C53}.Release|Any CPU.ActiveCfg = Release|Any CPU
		{6D0CF8A3-3EFC-4E0E-BF00-1EC2A00A7C53}.Release|Any CPU.Build.0 = Release|Any CPU
	EndGlobalSection
	GlobalSection(SolutionProperties) = preSolution
		HideSolutionNode = FALSE
	EndGlobalSection
	GlobalSection(ExtensibilityGlobals) = postSolution
		SolutionGuid = {9762120B-F66D-46C2-837F-094AD957A758}
	EndGlobalSection
EndGlobal
